
Microsoft Visual Studio Solution File, Format Version 12.00
# Visual Studio 15
Project("{FAE04EC0-301F-11D3-BF4B-00C04F79EFBC}") = "Kwon.Facebook.Soloader.Annotation.Android", "Kwon.Facebook.Soloader.Annotation.Android\Kwon.Facebook.Soloader.Annotation.Android.csproj", "{486A1F7C-E590-44E3-A7AF-156ADD923FB7}"
EndProject
Project("{FAE04EC0-301F-11D3-BF4B-00C04F79EFBC}") = "Kwon.Facebook.Soloader.Nativeloader.Android", "Kwon.Facebook.Soloader.Nativeloader.Android\Kwon.Facebook.Soloader.Nativeloader.Android.csproj", "{B1F18D8D-02EE-4982-B800-D4A51668C242}"
EndProject
Project("{FAE04EC0-301F-11D3-BF4B-00C04F79EFBC}") = "Kwon.Facebook.Soloader.Android", "Kwon.Facebook.Soloader.Android\Kwon.Facebook.Soloader.Android.csproj", "{C9CD7B9B-6974-4E30-94B1-046E211F0717}"
EndProject
Project("{FAE04EC0-301F-11D3-BF4B-00C04F79EFBC}") = "Kwon.Mapbox.Sdk.Geojson.Android", "Kwon.Mapbox.Sdk.Geojson.Android\Kwon.Mapbox.Sdk.Geojson.Android.csproj", "{28864801-B2A7-4E69-920A-C78C0AA3F1AC}"
EndProject
Project("{FAE04EC0-301F-11D3-BF4B-00C04F79EFBC}") = "Kwon.Mapbox.Android.Gestures", "Kwon.Mapbox.Android.Gestures\Kwon.Mapbox.Android.Gestures.csproj", "{4641FE42-3A16-4B7B-9F5A-9682F0248647}"
EndProject
Project("{FAE04EC0-301F-11D3-BF4B-00C04F79EFBC}") = "Kwon.Mapbox.Android.Accounts", "Kwon.Mapbox.Android.Accounts\Kwon.Mapbox.Android.Accounts.csproj", "{BC343C63-C457-4086-A1C9-CEAA8FD5E0E5}"
EndProject
Project("{FAE04EC0-301F-11D3-BF4B-00C04F79EFBC}") = "Kwon.Mapbox.Android.Core", "Kwon.Mapbox.Android.Core\Kwon.Mapbox.Android.Core.csproj", "{39E65A64-4329-4115-9935-90E903ADDC8D}"
EndProject
Project("{FAE04EC0-301F-11D3-BF4B-00C04F79EFBC}") = "Kwon.Mapbox.Android.Telemetry", "Kwon.Mapbox.Android.Telemetry\Kwon.Mapbox.Android.Telemetry.csproj", "{56E9B357-145E-4F1D-9983-E25F85672E01}"
EndProject
Project("{FAE04EC0-301F-11D3-BF4B-00C04F79EFBC}") = "Kwon.Mapbox.Android.Sdk", "Kwon.Mapbox.Android.Sdk\Kwon.Mapbox.Android.Sdk.csproj", "{C87F417A-B2A1-41B6-AB6D-C6F5E2D69EF6}"
EndProject
Project("{FAE04EC0-301F-11D3-BF4B-00C04F79EFBC}") = "Kwon.Mapbox.Sdk.Turf.Android", "Kwon.Mapbox.Sdk.Turf.Android\Kwon.Mapbox.Sdk.Turf.Android.csproj", "{A1300564-8927-4D97-BF05-91FECE646509}"
EndProject
Project("{FAE04EC0-301F-11D3-BF4B-00C04F79EFBC}") = "Kwon.Mapbox.Sdk.Services.Android", "Kwon.Mapbox.Sdk.Services.Android\Kwon.Mapbox.Sdk.Services.Android.csproj", "{802852E2-FAD8-4DCC-A9E8-8C7CA895A617}"
EndProject
Project("{FAE04EC0-301F-11D3-BF4B-00C04F79EFBC}") = "Kwon.Mapbox.Sdk.Core.Android", "Kwon.Mapbox.Sdk.Core.Android\Kwon.Mapbox.Sdk.Core.Android.csproj", "{2EDD0B18-66B3-4FF5-BE0C-A44FDD32F71F}"
EndProject
Project("{FAE04EC0-301F-11D3-BF4B-00C04F79EFBC}") = "Kwon.Mapbox.Navigation.Native", "Kwon.Mapbox.Navigation.Native\Kwon.Mapbox.Navigation.Native.csproj", "{4A134B2A-ADD9-4EC7-B3D8-263737A8D40D}"
EndProject
Project("{FAE04EC0-301F-11D3-BF4B-00C04F79EFBC}") = "Kwon.Mapbox.Android.Navigation", "Kwon.Mapbox.Android.Navigation\Kwon.Mapbox.Android.Navigation.csproj", "{04EB4011-7B65-4A86-A576-6B79BA9C3B8E}"
EndProject
Project("{FAE04EC0-301F-11D3-BF4B-00C04F79EFBC}") = "Kwon.Mapbox.Android.Plugin.Annotation.V8", "Kwon.Mapbox.Android.Plugin.Annotation.V8\Kwon.Mapbox.Android.Plugin.Annotation.V8.csproj", "{4B0B770B-F1CC-4E3B-A780-16124F87AF70}"
EndProject
Project("{FAE04EC0-301F-11D3-BF4B-00C04F79EFBC}") = "Kwon.Mapbox.Android.Navigation.UI", "Kwon.Mapbox.Android.Navigation.UI\Kwon.Mapbox.Android.Navigation.UI.csproj", "{92B60ACA-0D70-4A83-8C0F-D0FA11938D67}"
EndProject
Project("{FAE04EC0-301F-11D3-BF4B-00C04F79EFBC}") = "MapboxNavigation.UI.Droid.TestApp", "Mapbox.Navigation.UI.Android.TestApp\MapboxNavigation.UI.Droid.TestApp.csproj", "{B256DAB0-15BB-42B4-942E-60B40D64CE3B}"
EndProject
Project("{2150E333-8FDC-42A3-9474-1A3956D46DE8}") = "legacy", "legacy", "{1673C43A-2E6E-4547-9F3B-28F253AB710A}"
EndProject
Project("{FAE04EC0-301F-11D3-BF4B-00C04F79EFBC}") = "Kwon.Mapbox.Android.Base.Annotations", "Kwon.Mapbox.Android.Base.Annotations\Kwon.Mapbox.Android.Base.Annotations.csproj", "{BD7F7CEA-F605-4FC5-9124-79DE1D39AD4F}"
EndProject
Project("{FAE04EC0-301F-11D3-BF4B-00C04F79EFBC}") = "Kwon.Mapbox.Android.Base.Common", "Kwon.Mapbox.Android.Base.Common\Kwon.Mapbox.Android.Base.Common.csproj", "{B5559CEC-61AB-4647-AADE-263F1812B254}"
EndProject
Project("{FAE04EC0-301F-11D3-BF4B-00C04F79EFBC}") = "Kwon.Mapbox.MapboxSdk.Mapbox.Android.Core", "Kwon.Mapbox.MapboxSdk.Mapbox.Android.Core\Kwon.Mapbox.MapboxSdk.Mapbox.Android.Core.csproj", "{CAF87F08-89AF-449E-8C6C-B865BD0C7A1D}"
EndProject
Project("{FAE04EC0-301F-11D3-BF4B-00C04F79EFBC}") = "Kwon.Mapbox.MapboxSdk.Mapbox.Sdk.Geojson", "Kwon.Mapbox.MapboxSdk.Mapbox.Sdk.Geojson\Kwon.Mapbox.MapboxSdk.Mapbox.Sdk.Geojson.csproj", "{61798F6F-B036-460D-BDC9-F2EC9DDAF7DE}"
EndProject
Project("{FAE04EC0-301F-11D3-BF4B-00C04F79EFBC}") = "Kwon.Mapbox.MapboxSdk.Mapbox.Sdk.Directions.Models", "Kwon.Mapbox.MapboxSdk.Mapbox.Sdk.Directions.Models\Kwon.Mapbox.MapboxSdk.Mapbox.Sdk.Directions.Models.csproj", "{C9DFC389-12A4-4AB7-8BDA-C6EB9BE0BC8A}"
EndProject
Project("{FAE04EC0-301F-11D3-BF4B-00C04F79EFBC}") = "Kwon.Mapbox.Android.Navigation.Base", "Kwon.Mapbox.Android.Navigation.Base\Kwon.Mapbox.Android.Navigation.Base.csproj", "{8713303E-7500-498E-A060-CC9A6033A08F}"
EndProject
Project("{FAE04EC0-301F-11D3-BF4B-00C04F79EFBC}") = "Kwon.Mapbox.Android.Bindgen.Support", "Kwon.Mapbox.Android.Bindgen.Support\Kwon.Mapbox.Android.Bindgen.Support.csproj", "{F7AB91A5-42FE-412A-BED1-7E16E3CC8488}"
EndProject
Project("{FAE04EC0-301F-11D3-BF4B-00C04F79EFBC}") = "Kwon.Mapbox.Android.Common.Common", "Kwon.Mapbox.Android.Common.Common\Kwon.Mapbox.Android.Common.Common.csproj", "{3A330483-CC25-4392-AD2E-8D6EA52CACA1}"
EndProject
Project("{FAE04EC0-301F-11D3-BF4B-00C04F79EFBC}") = "Kwon.Mapbox.Android.Navigator.Mapbox.Navigation.Native", "Kwon.Mapbox.Android.Navigator.Mapbox.Navigation.Native\Kwon.Mapbox.Android.Navigator.Mapbox.Navigation.Native.csproj", "{7D40A622-BFD3-4F19-B6AC-9E8D2B815151}"
EndProject
Project("{FAE04EC0-301F-11D3-BF4B-00C04F79EFBC}") = "Kwon.Mapbox.Android.Navigation.Navigator", "Kwon.Mapbox.Android.Navigation.Navigator\Kwon.Mapbox.Android.Navigation.Navigator.csproj", "{4D7F4893-249D-46A4-B598-14EBD0C17325}"
EndProject
Project("{FAE04EC0-301F-11D3-BF4B-00C04F79EFBC}") = "Kwon.Mapbox.Android.Navigation.Utils", "Kwon.Mapbox.Android.Navigation.Utils\Kwon.Mapbox.Android.Navigation.Utils.csproj", "{AA296206-CDFF-471F-A7B3-72CFC9EAA4F2}"
EndProject
Project("{FAE04EC0-301F-11D3-BF4B-00C04F79EFBC}") = "Kwon.Mapbox.MapboxSdk.Mapbox.Android.Sdk.Services", "Kwon.Mapbox.MapboxSdk.Mapbox.Android.Sdk.Services\Kwon.Mapbox.MapboxSdk.Mapbox.Android.Sdk.Services.csproj", "{1C480721-F540-437A-8468-8B259F865C4E}"
EndProject
Project("{FAE04EC0-301F-11D3-BF4B-00C04F79EFBC}") = "Kwon.Mapbox.MapboxSdk.Mapbox.Android.Sdk.Core", "Kwon.Mapbox.MapboxSdk.Mapbox.Android.Sdk.Core\Kwon.Mapbox.MapboxSdk.Mapbox.Android.Sdk.Core.csproj", "{BA44CBF8-3A24-411F-9E52-3C84A28952D0}"
EndProject
Project("{FAE04EC0-301F-11D3-BF4B-00C04F79EFBC}") = "Kwon.Mapbox.Mapboxsdk.Mapbox.Android.Sdk.Directions.Refresh.Models", "Kwon.Mapbox.Mapboxsdk.Mapbox.Android.Sdk.Directions.Refresh.Models\Kwon.Mapbox.Mapboxsdk.Mapbox.Android.Sdk.Directions.Refresh.Models.csproj", "{78C12127-00D6-4369-9126-303A6177E4C8}"
EndProject
Project("{FAE04EC0-301F-11D3-BF4B-00C04F79EFBC}") = "Kwon.Mapbox.Android.Navigation.Router", "Kwon.Mapbox.Android.Navigation.Router\Kwon.Mapbox.Android.Navigation.Router.csproj", "{BE21E120-F78E-461E-99AA-CD108D3F7FD7}"
EndProject
Project("{FAE04EC0-301F-11D3-BF4B-00C04F79EFBC}") = "Kwon.Mapbox.Android.Navigation.Notification", "Kwon.Mapbox.Android.Navigation.Notification\Kwon.Mapbox.Android.Navigation.Notification.csproj", "{DE86D982-4DCE-4086-AD55-5C5D52BC09C2}"
EndProject
Project("{FAE04EC0-301F-11D3-BF4B-00C04F79EFBC}") = "Kwon.Mapbox.Android.Common.Logger", "Kwon.Mapbox.Android.Common.Logger\Kwon.Mapbox.Android.Common.Logger.csproj", "{DA6B3751-EFC4-4E27-B780-CD67B44C4610}"
EndProject
Project("{FAE04EC0-301F-11D3-BF4B-00C04F79EFBC}") = "Kwon.Mapbox.Mapboxsdk.Mapbox.Android.Telemetry", "Kwon.Mapbox.Mapboxsdk.Mapbox.Android.Telemetry\Kwon.Mapbox.Mapboxsdk.Mapbox.Android.Telemetry.csproj", "{5D117212-CA84-42BA-8EDB-4A1F0504E8BF}"
EndProject
Project("{FAE04EC0-301F-11D3-BF4B-00C04F79EFBC}") = "Kwon.Mapbox.Android.Navigation.Metrics", "Kwon.Mapbox.Android.Navigation.Metrics\Kwon.Mapbox.Android.Navigation.Metrics.csproj", "{839CCE48-0D88-409A-80D4-D338F0C661A5}"
EndProject
Project("{FAE04EC0-301F-11D3-BF4B-00C04F79EFBC}") = "Kwon.Mapbox.Mapboxsdk.Mapbox.Android.Accounts", "Kwon.Mapbox.Mapboxsdk.Mapbox.Android.Accounts\Kwon.Mapbox.Mapboxsdk.Mapbox.Android.Accounts.csproj", "{75C2D3D4-9D69-4F99-A318-98B975B0AAC4}"
EndProject
Project("{FAE04EC0-301F-11D3-BF4B-00C04F79EFBC}") = "Kwon.Mapbox.Mapboxsdk.Mapbox.Navigation.Accounts.Android", "Kwon.Mapbox.Mapboxsdk.Mapbox.Navigation.Accounts.Android\Kwon.Mapbox.Mapboxsdk.Mapbox.Navigation.Accounts.Android.csproj", "{443E0031-FEA4-4D98-B3D7-F30EF22496A7}"
EndProject
Project("{FAE04EC0-301F-11D3-BF4B-00C04F79EFBC}") = "Kwon.Mapbox.Mapboxsdk.Mapbox.Android.Sdk.Turf", "Kwon.Mapbox.Mapboxsdk.Mapbox.Android.Sdk.Turf\Kwon.Mapbox.Mapboxsdk.Mapbox.Android.Sdk.Turf.csproj", "{9C813B97-C155-4B8E-9279-BF2F637FF8DB}"
EndProject
Project("{FAE04EC0-301F-11D3-BF4B-00C04F79EFBC}") = "Kwon.Mapbox.Android.Navigation.Core", "Kwon.Mapbox.Android.Navigation.Core\Kwon.Mapbox.Android.Navigation.Core.csproj", "{9B12B276-D6B9-440A-B94C-2B70F4781830}"
EndProject
Project("{FAE04EC0-301F-11D3-BF4B-00C04F79EFBC}") = "Kwon.Mapbox.Mapboxsdk.Mapbox.Android.Gestures", "Kwon.Mapbox.Mapboxsdk.Mapbox.Android.Gestures\Kwon.Mapbox.Mapboxsdk.Mapbox.Android.Gestures.csproj", "{0C339FD9-5FEB-42FF-96B9-45427A9CC790}"
EndProject
Project("{FAE04EC0-301F-11D3-BF4B-00C04F79EFBC}") = "Kwon.Mapbox.Mapboxsdk.Mapbox.Android.Sdk.Gl.Core", "Kwon.Mapbox.Mapboxsdk.Mapbox.Android.Sdk.Gl.Core\Kwon.Mapbox.Mapboxsdk.Mapbox.Android.Sdk.Gl.Core.csproj", "{B80D08AE-21F0-4B0A-9F9E-AA844000C621}"
EndProject
Project("{FAE04EC0-301F-11D3-BF4B-00C04F79EFBC}") = "Kwon.Mapbox.Mapboxsdk.Mapbox.Android.Sdk", "Kwon.Mapbox.Mapboxsdk.Mapbox.Android.Sdk\Kwon.Mapbox.Mapboxsdk.Mapbox.Android.Sdk.csproj", "{77FFA051-15DF-4EB5-9624-B27E0AD34A0D}"
EndProject
Project("{FAE04EC0-301F-11D3-BF4B-00C04F79EFBC}") = "Kwon.Mapbox.Mapboxsdk.Mapbox.Android.Plugin.Annotation.V9", "Kwon.Mapbox.Mapboxsdk.Mapbox.Android.Plugin.Annotation.V9\Kwon.Mapbox.Mapboxsdk.Mapbox.Android.Plugin.Annotation.V9.csproj", "{DB0448E3-5396-42CE-B187-2205717BEF7F}"
EndProject
Global
	GlobalSection(SolutionConfigurationPlatforms) = preSolution
		Debug|Any CPU = Debug|Any CPU
		Release|Any CPU = Release|Any CPU
	EndGlobalSection
	GlobalSection(ProjectConfigurationPlatforms) = postSolution
		{486A1F7C-E590-44E3-A7AF-156ADD923FB7}.Debug|Any CPU.ActiveCfg = Debug|Any CPU
		{486A1F7C-E590-44E3-A7AF-156ADD923FB7}.Debug|Any CPU.Build.0 = Debug|Any CPU
		{486A1F7C-E590-44E3-A7AF-156ADD923FB7}.Release|Any CPU.ActiveCfg = Release|Any CPU
		{486A1F7C-E590-44E3-A7AF-156ADD923FB7}.Release|Any CPU.Build.0 = Release|Any CPU
		{B1F18D8D-02EE-4982-B800-D4A51668C242}.Debug|Any CPU.ActiveCfg = Debug|Any CPU
		{B1F18D8D-02EE-4982-B800-D4A51668C242}.Debug|Any CPU.Build.0 = Debug|Any CPU
		{B1F18D8D-02EE-4982-B800-D4A51668C242}.Release|Any CPU.ActiveCfg = Release|Any CPU
		{B1F18D8D-02EE-4982-B800-D4A51668C242}.Release|Any CPU.Build.0 = Release|Any CPU
		{C9CD7B9B-6974-4E30-94B1-046E211F0717}.Debug|Any CPU.ActiveCfg = Debug|Any CPU
		{C9CD7B9B-6974-4E30-94B1-046E211F0717}.Debug|Any CPU.Build.0 = Debug|Any CPU
		{C9CD7B9B-6974-4E30-94B1-046E211F0717}.Release|Any CPU.ActiveCfg = Release|Any CPU
		{C9CD7B9B-6974-4E30-94B1-046E211F0717}.Release|Any CPU.Build.0 = Release|Any CPU
		{28864801-B2A7-4E69-920A-C78C0AA3F1AC}.Debug|Any CPU.ActiveCfg = Debug|Any CPU
		{28864801-B2A7-4E69-920A-C78C0AA3F1AC}.Debug|Any CPU.Build.0 = Debug|Any CPU
		{28864801-B2A7-4E69-920A-C78C0AA3F1AC}.Release|Any CPU.ActiveCfg = Release|Any CPU
		{28864801-B2A7-4E69-920A-C78C0AA3F1AC}.Release|Any CPU.Build.0 = Release|Any CPU
		{4641FE42-3A16-4B7B-9F5A-9682F0248647}.Debug|Any CPU.ActiveCfg = Debug|Any CPU
		{4641FE42-3A16-4B7B-9F5A-9682F0248647}.Debug|Any CPU.Build.0 = Debug|Any CPU
		{4641FE42-3A16-4B7B-9F5A-9682F0248647}.Release|Any CPU.ActiveCfg = Release|Any CPU
		{4641FE42-3A16-4B7B-9F5A-9682F0248647}.Release|Any CPU.Build.0 = Release|Any CPU
		{BC343C63-C457-4086-A1C9-CEAA8FD5E0E5}.Debug|Any CPU.ActiveCfg = Debug|Any CPU
		{BC343C63-C457-4086-A1C9-CEAA8FD5E0E5}.Debug|Any CPU.Build.0 = Debug|Any CPU
		{BC343C63-C457-4086-A1C9-CEAA8FD5E0E5}.Release|Any CPU.ActiveCfg = Release|Any CPU
		{BC343C63-C457-4086-A1C9-CEAA8FD5E0E5}.Release|Any CPU.Build.0 = Release|Any CPU
		{39E65A64-4329-4115-9935-90E903ADDC8D}.Debug|Any CPU.ActiveCfg = Debug|Any CPU
		{39E65A64-4329-4115-9935-90E903ADDC8D}.Debug|Any CPU.Build.0 = Debug|Any CPU
		{39E65A64-4329-4115-9935-90E903ADDC8D}.Release|Any CPU.ActiveCfg = Release|Any CPU
		{39E65A64-4329-4115-9935-90E903ADDC8D}.Release|Any CPU.Build.0 = Release|Any CPU
		{56E9B357-145E-4F1D-9983-E25F85672E01}.Debug|Any CPU.ActiveCfg = Debug|Any CPU
		{56E9B357-145E-4F1D-9983-E25F85672E01}.Debug|Any CPU.Build.0 = Debug|Any CPU
		{56E9B357-145E-4F1D-9983-E25F85672E01}.Release|Any CPU.ActiveCfg = Release|Any CPU
		{56E9B357-145E-4F1D-9983-E25F85672E01}.Release|Any CPU.Build.0 = Release|Any CPU
		{C87F417A-B2A1-41B6-AB6D-C6F5E2D69EF6}.Debug|Any CPU.ActiveCfg = Debug|Any CPU
		{C87F417A-B2A1-41B6-AB6D-C6F5E2D69EF6}.Debug|Any CPU.Build.0 = Debug|Any CPU
		{C87F417A-B2A1-41B6-AB6D-C6F5E2D69EF6}.Release|Any CPU.ActiveCfg = Release|Any CPU
		{C87F417A-B2A1-41B6-AB6D-C6F5E2D69EF6}.Release|Any CPU.Build.0 = Release|Any CPU
		{A1300564-8927-4D97-BF05-91FECE646509}.Debug|Any CPU.ActiveCfg = Debug|Any CPU
		{A1300564-8927-4D97-BF05-91FECE646509}.Debug|Any CPU.Build.0 = Debug|Any CPU
		{A1300564-8927-4D97-BF05-91FECE646509}.Release|Any CPU.ActiveCfg = Release|Any CPU
		{A1300564-8927-4D97-BF05-91FECE646509}.Release|Any CPU.Build.0 = Release|Any CPU
		{802852E2-FAD8-4DCC-A9E8-8C7CA895A617}.Debug|Any CPU.ActiveCfg = Debug|Any CPU
		{802852E2-FAD8-4DCC-A9E8-8C7CA895A617}.Debug|Any CPU.Build.0 = Debug|Any CPU
		{802852E2-FAD8-4DCC-A9E8-8C7CA895A617}.Release|Any CPU.ActiveCfg = Release|Any CPU
		{802852E2-FAD8-4DCC-A9E8-8C7CA895A617}.Release|Any CPU.Build.0 = Release|Any CPU
		{2EDD0B18-66B3-4FF5-BE0C-A44FDD32F71F}.Debug|Any CPU.ActiveCfg = Debug|Any CPU
		{2EDD0B18-66B3-4FF5-BE0C-A44FDD32F71F}.Debug|Any CPU.Build.0 = Debug|Any CPU
		{2EDD0B18-66B3-4FF5-BE0C-A44FDD32F71F}.Release|Any CPU.ActiveCfg = Release|Any CPU
		{2EDD0B18-66B3-4FF5-BE0C-A44FDD32F71F}.Release|Any CPU.Build.0 = Release|Any CPU
		{4A134B2A-ADD9-4EC7-B3D8-263737A8D40D}.Debug|Any CPU.ActiveCfg = Debug|Any CPU
		{4A134B2A-ADD9-4EC7-B3D8-263737A8D40D}.Debug|Any CPU.Build.0 = Debug|Any CPU
		{4A134B2A-ADD9-4EC7-B3D8-263737A8D40D}.Release|Any CPU.ActiveCfg = Release|Any CPU
		{4A134B2A-ADD9-4EC7-B3D8-263737A8D40D}.Release|Any CPU.Build.0 = Release|Any CPU
		{04EB4011-7B65-4A86-A576-6B79BA9C3B8E}.Debug|Any CPU.ActiveCfg = Debug|Any CPU
		{04EB4011-7B65-4A86-A576-6B79BA9C3B8E}.Debug|Any CPU.Build.0 = Debug|Any CPU
		{04EB4011-7B65-4A86-A576-6B79BA9C3B8E}.Release|Any CPU.ActiveCfg = Release|Any CPU
		{04EB4011-7B65-4A86-A576-6B79BA9C3B8E}.Release|Any CPU.Build.0 = Release|Any CPU
		{4B0B770B-F1CC-4E3B-A780-16124F87AF70}.Debug|Any CPU.ActiveCfg = Debug|Any CPU
		{4B0B770B-F1CC-4E3B-A780-16124F87AF70}.Debug|Any CPU.Build.0 = Debug|Any CPU
		{4B0B770B-F1CC-4E3B-A780-16124F87AF70}.Release|Any CPU.ActiveCfg = Release|Any CPU
		{4B0B770B-F1CC-4E3B-A780-16124F87AF70}.Release|Any CPU.Build.0 = Release|Any CPU
		{92B60ACA-0D70-4A83-8C0F-D0FA11938D67}.Debug|Any CPU.ActiveCfg = Debug|Any CPU
		{92B60ACA-0D70-4A83-8C0F-D0FA11938D67}.Debug|Any CPU.Build.0 = Debug|Any CPU
		{92B60ACA-0D70-4A83-8C0F-D0FA11938D67}.Release|Any CPU.ActiveCfg = Release|Any CPU
		{92B60ACA-0D70-4A83-8C0F-D0FA11938D67}.Release|Any CPU.Build.0 = Release|Any CPU
		{B256DAB0-15BB-42B4-942E-60B40D64CE3B}.Debug|Any CPU.ActiveCfg = Debug|Any CPU
		{B256DAB0-15BB-42B4-942E-60B40D64CE3B}.Debug|Any CPU.Build.0 = Debug|Any CPU
		{B256DAB0-15BB-42B4-942E-60B40D64CE3B}.Release|Any CPU.ActiveCfg = Release|Any CPU
		{B256DAB0-15BB-42B4-942E-60B40D64CE3B}.Release|Any CPU.Build.0 = Release|Any CPU
		{BD7F7CEA-F605-4FC5-9124-79DE1D39AD4F}.Debug|Any CPU.ActiveCfg = Debug|Any CPU
		{BD7F7CEA-F605-4FC5-9124-79DE1D39AD4F}.Debug|Any CPU.Build.0 = Debug|Any CPU
		{BD7F7CEA-F605-4FC5-9124-79DE1D39AD4F}.Release|Any CPU.ActiveCfg = Release|Any CPU
		{BD7F7CEA-F605-4FC5-9124-79DE1D39AD4F}.Release|Any CPU.Build.0 = Release|Any CPU
		{B5559CEC-61AB-4647-AADE-263F1812B254}.Debug|Any CPU.ActiveCfg = Debug|Any CPU
		{B5559CEC-61AB-4647-AADE-263F1812B254}.Debug|Any CPU.Build.0 = Debug|Any CPU
		{B5559CEC-61AB-4647-AADE-263F1812B254}.Release|Any CPU.ActiveCfg = Release|Any CPU
		{B5559CEC-61AB-4647-AADE-263F1812B254}.Release|Any CPU.Build.0 = Release|Any CPU
		{CAF87F08-89AF-449E-8C6C-B865BD0C7A1D}.Debug|Any CPU.ActiveCfg = Debug|Any CPU
		{CAF87F08-89AF-449E-8C6C-B865BD0C7A1D}.Debug|Any CPU.Build.0 = Debug|Any CPU
		{CAF87F08-89AF-449E-8C6C-B865BD0C7A1D}.Release|Any CPU.ActiveCfg = Release|Any CPU
		{CAF87F08-89AF-449E-8C6C-B865BD0C7A1D}.Release|Any CPU.Build.0 = Release|Any CPU
		{61798F6F-B036-460D-BDC9-F2EC9DDAF7DE}.Debug|Any CPU.ActiveCfg = Debug|Any CPU
		{61798F6F-B036-460D-BDC9-F2EC9DDAF7DE}.Debug|Any CPU.Build.0 = Debug|Any CPU
		{61798F6F-B036-460D-BDC9-F2EC9DDAF7DE}.Release|Any CPU.ActiveCfg = Release|Any CPU
		{61798F6F-B036-460D-BDC9-F2EC9DDAF7DE}.Release|Any CPU.Build.0 = Release|Any CPU
		{C9DFC389-12A4-4AB7-8BDA-C6EB9BE0BC8A}.Debug|Any CPU.ActiveCfg = Debug|Any CPU
		{C9DFC389-12A4-4AB7-8BDA-C6EB9BE0BC8A}.Debug|Any CPU.Build.0 = Debug|Any CPU
		{C9DFC389-12A4-4AB7-8BDA-C6EB9BE0BC8A}.Release|Any CPU.ActiveCfg = Release|Any CPU
		{C9DFC389-12A4-4AB7-8BDA-C6EB9BE0BC8A}.Release|Any CPU.Build.0 = Release|Any CPU
		{8713303E-7500-498E-A060-CC9A6033A08F}.Debug|Any CPU.ActiveCfg = Debug|Any CPU
		{8713303E-7500-498E-A060-CC9A6033A08F}.Debug|Any CPU.Build.0 = Debug|Any CPU
		{8713303E-7500-498E-A060-CC9A6033A08F}.Release|Any CPU.ActiveCfg = Release|Any CPU
		{8713303E-7500-498E-A060-CC9A6033A08F}.Release|Any CPU.Build.0 = Release|Any CPU
		{F7AB91A5-42FE-412A-BED1-7E16E3CC8488}.Debug|Any CPU.ActiveCfg = Debug|Any CPU
		{F7AB91A5-42FE-412A-BED1-7E16E3CC8488}.Debug|Any CPU.Build.0 = Debug|Any CPU
		{F7AB91A5-42FE-412A-BED1-7E16E3CC8488}.Release|Any CPU.ActiveCfg = Release|Any CPU
		{F7AB91A5-42FE-412A-BED1-7E16E3CC8488}.Release|Any CPU.Build.0 = Release|Any CPU
		{3A330483-CC25-4392-AD2E-8D6EA52CACA1}.Debug|Any CPU.ActiveCfg = Debug|Any CPU
		{3A330483-CC25-4392-AD2E-8D6EA52CACA1}.Debug|Any CPU.Build.0 = Debug|Any CPU
		{3A330483-CC25-4392-AD2E-8D6EA52CACA1}.Release|Any CPU.ActiveCfg = Release|Any CPU
		{3A330483-CC25-4392-AD2E-8D6EA52CACA1}.Release|Any CPU.Build.0 = Release|Any CPU
		{7D40A622-BFD3-4F19-B6AC-9E8D2B815151}.Debug|Any CPU.ActiveCfg = Debug|Any CPU
		{7D40A622-BFD3-4F19-B6AC-9E8D2B815151}.Debug|Any CPU.Build.0 = Debug|Any CPU
		{7D40A622-BFD3-4F19-B6AC-9E8D2B815151}.Release|Any CPU.ActiveCfg = Release|Any CPU
		{7D40A622-BFD3-4F19-B6AC-9E8D2B815151}.Release|Any CPU.Build.0 = Release|Any CPU
		{4D7F4893-249D-46A4-B598-14EBD0C17325}.Debug|Any CPU.ActiveCfg = Debug|Any CPU
		{4D7F4893-249D-46A4-B598-14EBD0C17325}.Debug|Any CPU.Build.0 = Debug|Any CPU
		{4D7F4893-249D-46A4-B598-14EBD0C17325}.Release|Any CPU.ActiveCfg = Release|Any CPU
		{4D7F4893-249D-46A4-B598-14EBD0C17325}.Release|Any CPU.Build.0 = Release|Any CPU
		{AA296206-CDFF-471F-A7B3-72CFC9EAA4F2}.Debug|Any CPU.ActiveCfg = Debug|Any CPU
		{AA296206-CDFF-471F-A7B3-72CFC9EAA4F2}.Debug|Any CPU.Build.0 = Debug|Any CPU
		{AA296206-CDFF-471F-A7B3-72CFC9EAA4F2}.Release|Any CPU.ActiveCfg = Release|Any CPU
		{AA296206-CDFF-471F-A7B3-72CFC9EAA4F2}.Release|Any CPU.Build.0 = Release|Any CPU
		{1C480721-F540-437A-8468-8B259F865C4E}.Debug|Any CPU.ActiveCfg = Debug|Any CPU
		{1C480721-F540-437A-8468-8B259F865C4E}.Debug|Any CPU.Build.0 = Debug|Any CPU
		{1C480721-F540-437A-8468-8B259F865C4E}.Release|Any CPU.ActiveCfg = Release|Any CPU
		{1C480721-F540-437A-8468-8B259F865C4E}.Release|Any CPU.Build.0 = Release|Any CPU
		{BA44CBF8-3A24-411F-9E52-3C84A28952D0}.Debug|Any CPU.ActiveCfg = Debug|Any CPU
		{BA44CBF8-3A24-411F-9E52-3C84A28952D0}.Debug|Any CPU.Build.0 = Debug|Any CPU
		{BA44CBF8-3A24-411F-9E52-3C84A28952D0}.Release|Any CPU.ActiveCfg = Release|Any CPU
		{BA44CBF8-3A24-411F-9E52-3C84A28952D0}.Release|Any CPU.Build.0 = Release|Any CPU
		{78C12127-00D6-4369-9126-303A6177E4C8}.Debug|Any CPU.ActiveCfg = Debug|Any CPU
		{78C12127-00D6-4369-9126-303A6177E4C8}.Debug|Any CPU.Build.0 = Debug|Any CPU
		{78C12127-00D6-4369-9126-303A6177E4C8}.Release|Any CPU.ActiveCfg = Release|Any CPU
		{78C12127-00D6-4369-9126-303A6177E4C8}.Release|Any CPU.Build.0 = Release|Any CPU
		{BE21E120-F78E-461E-99AA-CD108D3F7FD7}.Debug|Any CPU.ActiveCfg = Debug|Any CPU
		{BE21E120-F78E-461E-99AA-CD108D3F7FD7}.Debug|Any CPU.Build.0 = Debug|Any CPU
		{BE21E120-F78E-461E-99AA-CD108D3F7FD7}.Release|Any CPU.ActiveCfg = Release|Any CPU
		{BE21E120-F78E-461E-99AA-CD108D3F7FD7}.Release|Any CPU.Build.0 = Release|Any CPU
		{DE86D982-4DCE-4086-AD55-5C5D52BC09C2}.Debug|Any CPU.ActiveCfg = Debug|Any CPU
		{DE86D982-4DCE-4086-AD55-5C5D52BC09C2}.Debug|Any CPU.Build.0 = Debug|Any CPU
		{DE86D982-4DCE-4086-AD55-5C5D52BC09C2}.Release|Any CPU.ActiveCfg = Release|Any CPU
		{DE86D982-4DCE-4086-AD55-5C5D52BC09C2}.Release|Any CPU.Build.0 = Release|Any CPU
		{DA6B3751-EFC4-4E27-B780-CD67B44C4610}.Debug|Any CPU.ActiveCfg = Debug|Any CPU
		{DA6B3751-EFC4-4E27-B780-CD67B44C4610}.Debug|Any CPU.Build.0 = Debug|Any CPU
		{DA6B3751-EFC4-4E27-B780-CD67B44C4610}.Release|Any CPU.ActiveCfg = Release|Any CPU
		{DA6B3751-EFC4-4E27-B780-CD67B44C4610}.Release|Any CPU.Build.0 = Release|Any CPU
		{5D117212-CA84-42BA-8EDB-4A1F0504E8BF}.Debug|Any CPU.ActiveCfg = Debug|Any CPU
		{5D117212-CA84-42BA-8EDB-4A1F0504E8BF}.Debug|Any CPU.Build.0 = Debug|Any CPU
		{5D117212-CA84-42BA-8EDB-4A1F0504E8BF}.Release|Any CPU.ActiveCfg = Release|Any CPU
		{5D117212-CA84-42BA-8EDB-4A1F0504E8BF}.Release|Any CPU.Build.0 = Release|Any CPU
		{839CCE48-0D88-409A-80D4-D338F0C661A5}.Debug|Any CPU.ActiveCfg = Debug|Any CPU
		{839CCE48-0D88-409A-80D4-D338F0C661A5}.Debug|Any CPU.Build.0 = Debug|Any CPU
		{839CCE48-0D88-409A-80D4-D338F0C661A5}.Release|Any CPU.ActiveCfg = Release|Any CPU
		{839CCE48-0D88-409A-80D4-D338F0C661A5}.Release|Any CPU.Build.0 = Release|Any CPU
		{75C2D3D4-9D69-4F99-A318-98B975B0AAC4}.Debug|Any CPU.ActiveCfg = Debug|Any CPU
		{75C2D3D4-9D69-4F99-A318-98B975B0AAC4}.Debug|Any CPU.Build.0 = Debug|Any CPU
		{75C2D3D4-9D69-4F99-A318-98B975B0AAC4}.Release|Any CPU.ActiveCfg = Release|Any CPU
		{75C2D3D4-9D69-4F99-A318-98B975B0AAC4}.Release|Any CPU.Build.0 = Release|Any CPU
		{443E0031-FEA4-4D98-B3D7-F30EF22496A7}.Debug|Any CPU.ActiveCfg = Debug|Any CPU
		{443E0031-FEA4-4D98-B3D7-F30EF22496A7}.Debug|Any CPU.Build.0 = Debug|Any CPU
		{443E0031-FEA4-4D98-B3D7-F30EF22496A7}.Release|Any CPU.ActiveCfg = Release|Any CPU
		{443E0031-FEA4-4D98-B3D7-F30EF22496A7}.Release|Any CPU.Build.0 = Release|Any CPU
		{9C813B97-C155-4B8E-9279-BF2F637FF8DB}.Debug|Any CPU.ActiveCfg = Debug|Any CPU
		{9C813B97-C155-4B8E-9279-BF2F637FF8DB}.Debug|Any CPU.Build.0 = Debug|Any CPU
		{9C813B97-C155-4B8E-9279-BF2F637FF8DB}.Release|Any CPU.ActiveCfg = Release|Any CPU
		{9C813B97-C155-4B8E-9279-BF2F637FF8DB}.Release|Any CPU.Build.0 = Release|Any CPU
		{9B12B276-D6B9-440A-B94C-2B70F4781830}.Debug|Any CPU.ActiveCfg = Debug|Any CPU
		{9B12B276-D6B9-440A-B94C-2B70F4781830}.Debug|Any CPU.Build.0 = Debug|Any CPU
		{9B12B276-D6B9-440A-B94C-2B70F4781830}.Release|Any CPU.ActiveCfg = Release|Any CPU
		{9B12B276-D6B9-440A-B94C-2B70F4781830}.Release|Any CPU.Build.0 = Release|Any CPU
		{0C339FD9-5FEB-42FF-96B9-45427A9CC790}.Debug|Any CPU.ActiveCfg = Debug|Any CPU
		{0C339FD9-5FEB-42FF-96B9-45427A9CC790}.Debug|Any CPU.Build.0 = Debug|Any CPU
		{0C339FD9-5FEB-42FF-96B9-45427A9CC790}.Release|Any CPU.ActiveCfg = Release|Any CPU
		{0C339FD9-5FEB-42FF-96B9-45427A9CC790}.Release|Any CPU.Build.0 = Release|Any CPU
		{B80D08AE-21F0-4B0A-9F9E-AA844000C621}.Debug|Any CPU.ActiveCfg = Debug|Any CPU
		{B80D08AE-21F0-4B0A-9F9E-AA844000C621}.Debug|Any CPU.Build.0 = Debug|Any CPU
		{B80D08AE-21F0-4B0A-9F9E-AA844000C621}.Release|Any CPU.ActiveCfg = Release|Any CPU
		{B80D08AE-21F0-4B0A-9F9E-AA844000C621}.Release|Any CPU.Build.0 = Release|Any CPU
		{77FFA051-15DF-4EB5-9624-B27E0AD34A0D}.Debug|Any CPU.ActiveCfg = Debug|Any CPU
		{77FFA051-15DF-4EB5-9624-B27E0AD34A0D}.Debug|Any CPU.Build.0 = Debug|Any CPU
		{77FFA051-15DF-4EB5-9624-B27E0AD34A0D}.Release|Any CPU.ActiveCfg = Release|Any CPU
		{77FFA051-15DF-4EB5-9624-B27E0AD34A0D}.Release|Any CPU.Build.0 = Release|Any CPU
		{DB0448E3-5396-42CE-B187-2205717BEF7F}.Debug|Any CPU.ActiveCfg = Debug|Any CPU
		{DB0448E3-5396-42CE-B187-2205717BEF7F}.Debug|Any CPU.Build.0 = Debug|Any CPU
		{DB0448E3-5396-42CE-B187-2205717BEF7F}.Release|Any CPU.ActiveCfg = Release|Any CPU
		{DB0448E3-5396-42CE-B187-2205717BEF7F}.Release|Any CPU.Build.0 = Release|Any CPU
	EndGlobalSection
	GlobalSection(NestedProjects) = preSolution
		{C9CD7B9B-6974-4E30-94B1-046E211F0717} = {1673C43A-2E6E-4547-9F3B-28F253AB710A}
		{486A1F7C-E590-44E3-A7AF-156ADD923FB7} = {1673C43A-2E6E-4547-9F3B-28F253AB710A}
		{B1F18D8D-02EE-4982-B800-D4A51668C242} = {1673C43A-2E6E-4547-9F3B-28F253AB710A}
		{BC343C63-C457-4086-A1C9-CEAA8FD5E0E5} = {1673C43A-2E6E-4547-9F3B-28F253AB710A}
		{39E65A64-4329-4115-9935-90E903ADDC8D} = {1673C43A-2E6E-4547-9F3B-28F253AB710A}
		{4641FE42-3A16-4B7B-9F5A-9682F0248647} = {1673C43A-2E6E-4547-9F3B-28F253AB710A}
		{04EB4011-7B65-4A86-A576-6B79BA9C3B8E} = {1673C43A-2E6E-4547-9F3B-28F253AB710A}
		{4B0B770B-F1CC-4E3B-A780-16124F87AF70} = {1673C43A-2E6E-4547-9F3B-28F253AB710A}
		{C87F417A-B2A1-41B6-AB6D-C6F5E2D69EF6} = {1673C43A-2E6E-4547-9F3B-28F253AB710A}
		{56E9B357-145E-4F1D-9983-E25F85672E01} = {1673C43A-2E6E-4547-9F3B-28F253AB710A}
		{4A134B2A-ADD9-4EC7-B3D8-263737A8D40D} = {1673C43A-2E6E-4547-9F3B-28F253AB710A}
		{2EDD0B18-66B3-4FF5-BE0C-A44FDD32F71F} = {1673C43A-2E6E-4547-9F3B-28F253AB710A}
		{28864801-B2A7-4E69-920A-C78C0AA3F1AC} = {1673C43A-2E6E-4547-9F3B-28F253AB710A}
		{802852E2-FAD8-4DCC-A9E8-8C7CA895A617} = {1673C43A-2E6E-4547-9F3B-28F253AB710A}
		{A1300564-8927-4D97-BF05-91FECE646509} = {1673C43A-2E6E-4547-9F3B-28F253AB710A}
	EndGlobalSection
EndGlobal
